
Microsoft Visual Studio Solution File, Format Version 12.00
# Visual Studio Version 17
VisualStudioVersion = 17.14.35906.104 d17.14
MinimumVisualStudioVersion = 10.0.40219.1
Project("{FAE04EC0-301F-11D3-BF4B-00C04F79EFBC}") = "aplikasi billiard center", "aplikasi billiard center\aplikasi billiard center.csproj", "{F376C578-DA9F-4828-9A0E-8CF0A9B05EBD}"
EndProject
Global
	GlobalSection(SolutionConfigurationPlatforms) = preSolution
		Debug|Any CPU = Debug|Any CPU
		Release|Any CPU = Release|Any CPU
	EndGlobalSection
	GlobalSection(ProjectConfigurationPlatforms) = postSolution
		{F376C578-DA9F-4828-9A0E-8CF0A9B05EBD}.Debug|Any CPU.ActiveCfg = Debug|Any CPU
		{F376C578-DA9F-4828-9A0E-8CF0A9B05EBD}.Debug|Any CPU.Build.0 = Debug|Any CPU
		{F376C578-DA9F-4828-9A0E-8CF0A9B05EBD}.Release|Any CPU.ActiveCfg = Release|Any CPU
		{F376C578-DA9F-4828-9A0E-8CF0A9B05EBD}.Release|Any CPU.Build.0 = Release|Any CPU
	EndGlobalSection
	GlobalSection(SolutionProperties) = preSolution
		HideSolutionNode = FALSE
	EndGlobalSection
	GlobalSection(ExtensibilityGlobals) = postSolution
		SolutionGuid = {C9D9BD50-1671-4F98-ACE5-07D14EE8C3C6}
	EndGlobalSection
EndGlobal
