
Microsoft Visual Studio Solution File, Format Version 12.00
# Visual Studio Version 17
VisualStudioVersion = 17.14.35906.104 d17.14
MinimumVisualStudioVersion = 10.0.40219.1
Project("{FAE04EC0-301F-11D3-BF4B-00C04F79EFBC}") = "projek", "projek\projek.csproj", "{26259358-85F7-44F0-85E4-413CCAB72274}"
EndProject
Global
	GlobalSection(SolutionConfigurationPlatforms) = preSolution
		Debug|Any CPU = Debug|Any CPU
		Release|Any CPU = Release|Any CPU
	EndGlobalSection
	GlobalSection(ProjectConfigurationPlatforms) = postSolution
		{26259358-85F7-44F0-85E4-413CCAB72274}.Debug|Any CPU.ActiveCfg = Debug|Any CPU
		{26259358-85F7-44F0-85E4-413CCAB72274}.Debug|Any CPU.Build.0 = Debug|Any CPU
		{26259358-85F7-44F0-85E4-413CCAB72274}.Release|Any CPU.ActiveCfg = Release|Any CPU
		{26259358-85F7-44F0-85E4-413CCAB72274}.Release|Any CPU.Build.0 = Release|Any CPU
	EndGlobalSection
	GlobalSection(SolutionProperties) = preSolution
		HideSolutionNode = FALSE
	EndGlobalSection
	GlobalSection(ExtensibilityGlobals) = postSolution
		SolutionGuid = {46E7FAC8-F4B2-4ADD-9D04-B31A0E71E9FB}
	EndGlobalSection
EndGlobal
